// !$*UTF8*$!
{
	archiveVersion = 1;
	classes = {
	};
	objectVersion = 50;
	objects = {

/* Begin PBXBuildFile section */
		569A65A625760A58008BFFE8 /* main.swift in Sources */ = {isa = PBXBuildFile; fileRef = 569A65A525760A58008BFFE8 /* main.swift */; };
		569A65B025760C1F008BFFE8 /* day1.swift in Sources */ = {isa = PBXBuildFile; fileRef = 569A65AF25760C1F008BFFE8 /* day1.swift */; };
		56CDD4422576183500E9C5B9 /* day1.txt in CopyFiles */ = {isa = PBXBuildFile; fileRef = 56CDD4402576162000E9C5B9 /* day1.txt */; };
		56CDD44625761CDB00E9C5B9 /* helper.swift in Sources */ = {isa = PBXBuildFile; fileRef = 56CDD44525761CDB00E9C5B9 /* helper.swift */; };
		CE292CB02585D86100905DCF /* day13.swift in Sources */ = {isa = PBXBuildFile; fileRef = CE292CAF2585D86100905DCF /* day13.swift */; };
		CE292CB42585D86E00905DCF /* day13.txt in CopyFiles */ = {isa = PBXBuildFile; fileRef = CE292CB32585D86A00905DCF /* day13.txt */; };
		CE46F729258A2C2500AF4AD4 /* day17.swift in Sources */ = {isa = PBXBuildFile; fileRef = CE46F728258A2C2500AF4AD4 /* day17.swift */; };
		CE46F72C258A308600AF4AD4 /* day17.txt in CopyFiles */ = {isa = PBXBuildFile; fileRef = CE46F72B258A307200AF4AD4 /* day17.txt */; };
		CE847B462578C7A9008266B5 /* day4.swift in Sources */ = {isa = PBXBuildFile; fileRef = CE847B452578C7A9008266B5 /* day4.swift */; };
		CE847B822578E88E008266B5 /* day4.txt in CopyFiles */ = {isa = PBXBuildFile; fileRef = CE847B492578C7BA008266B5 /* day4.txt */; };
		CE847B9F257A5468008266B5 /* day5.swift in Sources */ = {isa = PBXBuildFile; fileRef = CE847B9E257A5468008266B5 /* day5.swift */; };
		CE847BA3257A547B008266B5 /* day5.txt in CopyFiles */ = {isa = PBXBuildFile; fileRef = CE847BA2257A5474008266B5 /* day5.txt */; };
		CE847BA8257B9561008266B5 /* day6.swift in Sources */ = {isa = PBXBuildFile; fileRef = CE847BA7257B9561008266B5 /* day6.swift */; };
		CE847BAC257B9583008266B5 /* day6.txt in CopyFiles */ = {isa = PBXBuildFile; fileRef = CE847BAB257B9578008266B5 /* day6.txt */; };
		CE847BB1257CDEF8008266B5 /* day7.swift in Sources */ = {isa = PBXBuildFile; fileRef = CE847BB0257CDEF8008266B5 /* day7.swift */; };
		CE847BB5257CDF1B008266B5 /* day7.txt in CopyFiles */ = {isa = PBXBuildFile; fileRef = CE847BB4257CDF15008266B5 /* day7.txt */; };
		CE847BB9257E0481008266B5 /* day8.swift in Sources */ = {isa = PBXBuildFile; fileRef = CE847BB8257E0481008266B5 /* day8.swift */; };
		CE847BBD257E0491008266B5 /* day8.txt in CopyFiles */ = {isa = PBXBuildFile; fileRef = CE847BBC257E048C008266B5 /* day8.txt */; };
		CE847BC125801BE8008266B5 /* day9.swift in Sources */ = {isa = PBXBuildFile; fileRef = CE847BC025801BE8008266B5 /* day9.swift */; };
		CE847BC525801BF8008266B5 /* day9.txt in CopyFiles */ = {isa = PBXBuildFile; fileRef = CE847BC425801BF4008266B5 /* day9.txt */; };
		CE9C6A6325775EE600892DC5 /* day2.swift in Sources */ = {isa = PBXBuildFile; fileRef = CE9C6A6225775EE600892DC5 /* day2.swift */; };
		CE9C6A682577634800892DC5 /* day2.txt in CopyFiles */ = {isa = PBXBuildFile; fileRef = CE9C6A6525775EF500892DC5 /* day2.txt */; };
		CE9C6A6C25777CEE00892DC5 /* day3.swift in Sources */ = {isa = PBXBuildFile; fileRef = CE9C6A6B25777CEE00892DC5 /* day3.swift */; };
		CE9C6A7025777E2300892DC5 /* day3.txt in CopyFiles */ = {isa = PBXBuildFile; fileRef = CE9C6A6F25777D0100892DC5 /* day3.txt */; };
		CEDCC75825872BA700FBEF87 /* day14.swift in Sources */ = {isa = PBXBuildFile; fileRef = CEDCC75725872BA700FBEF87 /* day14.swift */; };
		CEDCC75C25872BC800FBEF87 /* day14.txt in CopyFiles */ = {isa = PBXBuildFile; fileRef = CEDCC75B25872BB200FBEF87 /* day14.txt */; };
		CEDCC76025876A7900FBEF87 /* day15.swift in Sources */ = {isa = PBXBuildFile; fileRef = CEDCC75F25876A7900FBEF87 /* day15.swift */; };
		CEDCC76425877A2600FBEF87 /* day15.txt in CopyFiles */ = {isa = PBXBuildFile; fileRef = CEDCC76325877A2200FBEF87 /* day15.txt */; };
		CEDCC7682589CF1700FBEF87 /* day16.swift in Sources */ = {isa = PBXBuildFile; fileRef = CEDCC7672589CF1700FBEF87 /* day16.swift */; };
		CEDCC76C2589CF2900FBEF87 /* day16.txt in CopyFiles */ = {isa = PBXBuildFile; fileRef = CEDCC76B2589CF2500FBEF87 /* day16.txt */; };
		CEFC395B2580A29E0038AD79 /* day10.swift in Sources */ = {isa = PBXBuildFile; fileRef = CEFC395A2580A29E0038AD79 /* day10.swift */; };
		CEFC395E2580A2AE0038AD79 /* day10.txt in CopyFiles */ = {isa = PBXBuildFile; fileRef = CEFC395D2580A2A80038AD79 /* day10.txt */; };
		CEFC3964258232F90038AD79 /* day11.swift in Sources */ = {isa = PBXBuildFile; fileRef = CEFC3963258232F90038AD79 /* day11.swift */; };
		CEFC3968258233100038AD79 /* day11.txt in CopyFiles */ = {isa = PBXBuildFile; fileRef = CEFC3967258233020038AD79 /* day11.txt */; };
		CEFC396C258483F10038AD79 /* day12.swift in Sources */ = {isa = PBXBuildFile; fileRef = CEFC396B258483F10038AD79 /* day12.swift */; };
		CEFC39702584840E0038AD79 /* day12.txt in CopyFiles */ = {isa = PBXBuildFile; fileRef = CEFC396F258483FA0038AD79 /* day12.txt */; };
/* End PBXBuildFile section */

/* Begin PBXCopyFilesBuildPhase section */
		569A65A025760A58008BFFE8 /* CopyFiles */ = {
			isa = PBXCopyFilesBuildPhase;
			buildActionMask = 12;
			dstPath = "";
			dstSubfolderSpec = 16;
			files = (
				CE46F72C258A308600AF4AD4 /* day17.txt in CopyFiles */,
				CEDCC76C2589CF2900FBEF87 /* day16.txt in CopyFiles */,
				CEDCC76425877A2600FBEF87 /* day15.txt in CopyFiles */,
				CEDCC75C25872BC800FBEF87 /* day14.txt in CopyFiles */,
				CE292CB42585D86E00905DCF /* day13.txt in CopyFiles */,
				CEFC39702584840E0038AD79 /* day12.txt in CopyFiles */,
				CEFC3968258233100038AD79 /* day11.txt in CopyFiles */,
				CEFC395E2580A2AE0038AD79 /* day10.txt in CopyFiles */,
				CE847BC525801BF8008266B5 /* day9.txt in CopyFiles */,
				CE847BBD257E0491008266B5 /* day8.txt in CopyFiles */,
				CE847BB5257CDF1B008266B5 /* day7.txt in CopyFiles */,
				CE847BAC257B9583008266B5 /* day6.txt in CopyFiles */,
				CE847BA3257A547B008266B5 /* day5.txt in CopyFiles */,
				CE847B822578E88E008266B5 /* day4.txt in CopyFiles */,
				CE9C6A7025777E2300892DC5 /* day3.txt in CopyFiles */,
				CE9C6A682577634800892DC5 /* day2.txt in CopyFiles */,
				56CDD4422576183500E9C5B9 /* day1.txt in CopyFiles */,
			);
			runOnlyForDeploymentPostprocessing = 0;
		};
/* End PBXCopyFilesBuildPhase section */

/* Begin PBXFileReference section */
		569A65A225760A58008BFFE8 /* advent2020 */ = {isa = PBXFileReference; explicitFileType = "compiled.mach-o.executable"; includeInIndex = 0; path = advent2020; sourceTree = BUILT_PRODUCTS_DIR; };
		569A65A525760A58008BFFE8 /* main.swift */ = {isa = PBXFileReference; lastKnownFileType = sourcecode.swift; path = main.swift; sourceTree = "<group>"; };
		569A65AF25760C1F008BFFE8 /* day1.swift */ = {isa = PBXFileReference; lastKnownFileType = sourcecode.swift; path = day1.swift; sourceTree = "<group>"; };
		56CDD4402576162000E9C5B9 /* day1.txt */ = {isa = PBXFileReference; lastKnownFileType = text; path = day1.txt; sourceTree = "<group>"; };
		56CDD44525761CDB00E9C5B9 /* helper.swift */ = {isa = PBXFileReference; lastKnownFileType = sourcecode.swift; path = helper.swift; sourceTree = "<group>"; };
		CE292CAF2585D86100905DCF /* day13.swift */ = {isa = PBXFileReference; lastKnownFileType = sourcecode.swift; path = day13.swift; sourceTree = "<group>"; };
		CE292CB32585D86A00905DCF /* day13.txt */ = {isa = PBXFileReference; lastKnownFileType = text; path = day13.txt; sourceTree = "<group>"; };
		CE46F728258A2C2500AF4AD4 /* day17.swift */ = {isa = PBXFileReference; lastKnownFileType = sourcecode.swift; path = day17.swift; sourceTree = "<group>"; };
		CE46F72B258A307200AF4AD4 /* day17.txt */ = {isa = PBXFileReference; lastKnownFileType = text; path = day17.txt; sourceTree = "<group>"; };
		CE847B452578C7A9008266B5 /* day4.swift */ = {isa = PBXFileReference; lastKnownFileType = sourcecode.swift; path = day4.swift; sourceTree = "<group>"; };
		CE847B492578C7BA008266B5 /* day4.txt */ = {isa = PBXFileReference; lastKnownFileType = text; path = day4.txt; sourceTree = "<group>"; };
		CE847B9E257A5468008266B5 /* day5.swift */ = {isa = PBXFileReference; lastKnownFileType = sourcecode.swift; path = day5.swift; sourceTree = "<group>"; };
		CE847BA2257A5474008266B5 /* day5.txt */ = {isa = PBXFileReference; lastKnownFileType = text; path = day5.txt; sourceTree = "<group>"; };
		CE847BA7257B9561008266B5 /* day6.swift */ = {isa = PBXFileReference; lastKnownFileType = sourcecode.swift; path = day6.swift; sourceTree = "<group>"; };
		CE847BAB257B9578008266B5 /* day6.txt */ = {isa = PBXFileReference; lastKnownFileType = text; path = day6.txt; sourceTree = "<group>"; };
		CE847BB0257CDEF8008266B5 /* day7.swift */ = {isa = PBXFileReference; lastKnownFileType = sourcecode.swift; path = day7.swift; sourceTree = "<group>"; };
		CE847BB4257CDF15008266B5 /* day7.txt */ = {isa = PBXFileReference; lastKnownFileType = text; path = day7.txt; sourceTree = "<group>"; };
		CE847BB8257E0481008266B5 /* day8.swift */ = {isa = PBXFileReference; lastKnownFileType = sourcecode.swift; path = day8.swift; sourceTree = "<group>"; };
		CE847BBC257E048C008266B5 /* day8.txt */ = {isa = PBXFileReference; lastKnownFileType = text; path = day8.txt; sourceTree = "<group>"; };
		CE847BC025801BE8008266B5 /* day9.swift */ = {isa = PBXFileReference; lastKnownFileType = sourcecode.swift; path = day9.swift; sourceTree = "<group>"; };
		CE847BC425801BF4008266B5 /* day9.txt */ = {isa = PBXFileReference; lastKnownFileType = text; path = day9.txt; sourceTree = "<group>"; };
		CE9C6A6225775EE600892DC5 /* day2.swift */ = {isa = PBXFileReference; lastKnownFileType = sourcecode.swift; path = day2.swift; sourceTree = "<group>"; };
		CE9C6A6525775EF500892DC5 /* day2.txt */ = {isa = PBXFileReference; lastKnownFileType = text; path = day2.txt; sourceTree = "<group>"; };
		CE9C6A6B25777CEE00892DC5 /* day3.swift */ = {isa = PBXFileReference; lastKnownFileType = sourcecode.swift; path = day3.swift; sourceTree = "<group>"; };
		CE9C6A6F25777D0100892DC5 /* day3.txt */ = {isa = PBXFileReference; lastKnownFileType = text; path = day3.txt; sourceTree = "<group>"; };
		CEDCC75725872BA700FBEF87 /* day14.swift */ = {isa = PBXFileReference; lastKnownFileType = sourcecode.swift; path = day14.swift; sourceTree = "<group>"; };
		CEDCC75B25872BB200FBEF87 /* day14.txt */ = {isa = PBXFileReference; lastKnownFileType = text; path = day14.txt; sourceTree = "<group>"; };
		CEDCC75F25876A7900FBEF87 /* day15.swift */ = {isa = PBXFileReference; lastKnownFileType = sourcecode.swift; path = day15.swift; sourceTree = "<group>"; };
		CEDCC76325877A2200FBEF87 /* day15.txt */ = {isa = PBXFileReference; lastKnownFileType = text; path = day15.txt; sourceTree = "<group>"; };
		CEDCC7672589CF1700FBEF87 /* day16.swift */ = {isa = PBXFileReference; lastKnownFileType = sourcecode.swift; path = day16.swift; sourceTree = "<group>"; };
		CEDCC76B2589CF2500FBEF87 /* day16.txt */ = {isa = PBXFileReference; lastKnownFileType = text; path = day16.txt; sourceTree = "<group>"; };
		CEFC395A2580A29E0038AD79 /* day10.swift */ = {isa = PBXFileReference; lastKnownFileType = sourcecode.swift; path = day10.swift; sourceTree = "<group>"; };
		CEFC395D2580A2A80038AD79 /* day10.txt */ = {isa = PBXFileReference; lastKnownFileType = text; path = day10.txt; sourceTree = "<group>"; };
		CEFC39602580A38F0038AD79 /* README.md */ = {isa = PBXFileReference; lastKnownFileType = net.daringfireball.markdown; path = README.md; sourceTree = SOURCE_ROOT; };
		CEFC3963258232F90038AD79 /* day11.swift */ = {isa = PBXFileReference; lastKnownFileType = sourcecode.swift; path = day11.swift; sourceTree = "<group>"; };
		CEFC3967258233020038AD79 /* day11.txt */ = {isa = PBXFileReference; lastKnownFileType = text; path = day11.txt; sourceTree = "<group>"; };
		CEFC396B258483F10038AD79 /* day12.swift */ = {isa = PBXFileReference; lastKnownFileType = sourcecode.swift; path = day12.swift; sourceTree = "<group>"; };
		CEFC396F258483FA0038AD79 /* day12.txt */ = {isa = PBXFileReference; lastKnownFileType = text; path = day12.txt; sourceTree = "<group>"; };
/* End PBXFileReference section */

/* Begin PBXFrameworksBuildPhase section */
		569A659F25760A58008BFFE8 /* Frameworks */ = {
			isa = PBXFrameworksBuildPhase;
			buildActionMask = 2147483647;
			files = (
			);
			runOnlyForDeploymentPostprocessing = 0;
		};
/* End PBXFrameworksBuildPhase section */

/* Begin PBXGroup section */
		569A659925760A58008BFFE8 = {
			isa = PBXGroup;
			children = (
				569A65A425760A58008BFFE8 /* advent2020 */,
				569A65A325760A58008BFFE8 /* Products */,
			);
			sourceTree = "<group>";
		};
		569A65A325760A58008BFFE8 /* Products */ = {
			isa = PBXGroup;
			children = (
				569A65A225760A58008BFFE8 /* advent2020 */,
			);
			name = Products;
			sourceTree = "<group>";
		};
		569A65A425760A58008BFFE8 /* advent2020 */ = {
			isa = PBXGroup;
			children = (
				CEFC39602580A38F0038AD79 /* README.md */,
				569A65A525760A58008BFFE8 /* main.swift */,
				56CDD44525761CDB00E9C5B9 /* helper.swift */,
				CE46F727258A2BFC00AF4AD4 /* day17 */,
				CEDCC7662589CF0900FBEF87 /* day16 */,
				CEDCC75E25876A6D00FBEF87 /* day15 */,
				CEDCC75625872B9A00FBEF87 /* day14 */,
				CE292CAE2585D85300905DCF /* day13 */,
				CEFC396A258483D20038AD79 /* day12 */,
				CEFC3962258232EF0038AD79 /* day11 */,
				CEFC39592580A2390038AD79 /* day10 */,
				CE847BBF257F95EF008266B5 /* day9 */,
				CE847BB7257E0472008266B5 /* day8 */,
				CE847BAF257CDEDE008266B5 /* day7 */,
				CE847BA6257B9550008266B5 /* day6 */,
				CE847B9D257A5457008266B5 /* day5 */,
				CE847B442578C79A008266B5 /* day4 */,
				CE9C6A6A25777CE400892DC5 /* day3 */,
				CE9C6A6125775E3000892DC5 /* day2 */,
				56CDD44925761F3900E9C5B9 /* day1 */,
			);
			path = advent2020;
			sourceTree = "<group>";
		};
		56CDD44925761F3900E9C5B9 /* day1 */ = {
			isa = PBXGroup;
			children = (
				569A65AF25760C1F008BFFE8 /* day1.swift */,
				56CDD4402576162000E9C5B9 /* day1.txt */,
			);
			path = day1;
			sourceTree = "<group>";
		};
		CE292CAE2585D85300905DCF /* day13 */ = {
			isa = PBXGroup;
			children = (
				CE292CAF2585D86100905DCF /* day13.swift */,
				CE292CB32585D86A00905DCF /* day13.txt */,
			);
			path = day13;
			sourceTree = "<group>";
		};
		CE46F727258A2BFC00AF4AD4 /* day17 */ = {
			isa = PBXGroup;
			children = (
				CE46F728258A2C2500AF4AD4 /* day17.swift */,
				CE46F72B258A307200AF4AD4 /* day17.txt */,
			);
			path = day17;
			sourceTree = "<group>";
		};
		CE847B442578C79A008266B5 /* day4 */ = {
			isa = PBXGroup;
			children = (
				CE847B452578C7A9008266B5 /* day4.swift */,
				CE847B492578C7BA008266B5 /* day4.txt */,
			);
			path = day4;
			sourceTree = "<group>";
		};
		CE847B9D257A5457008266B5 /* day5 */ = {
			isa = PBXGroup;
			children = (
				CE847B9E257A5468008266B5 /* day5.swift */,
				CE847BA2257A5474008266B5 /* day5.txt */,
			);
			path = day5;
			sourceTree = "<group>";
		};
		CE847BA6257B9550008266B5 /* day6 */ = {
			isa = PBXGroup;
			children = (
				CE847BA7257B9561008266B5 /* day6.swift */,
				CE847BAB257B9578008266B5 /* day6.txt */,
			);
			path = day6;
			sourceTree = "<group>";
		};
		CE847BAF257CDEDE008266B5 /* day7 */ = {
			isa = PBXGroup;
			children = (
				CE847BB0257CDEF8008266B5 /* day7.swift */,
				CE847BB4257CDF15008266B5 /* day7.txt */,
			);
			path = day7;
			sourceTree = "<group>";
		};
		CE847BB7257E0472008266B5 /* day8 */ = {
			isa = PBXGroup;
			children = (
				CE847BB8257E0481008266B5 /* day8.swift */,
				CE847BBC257E048C008266B5 /* day8.txt */,
			);
			path = day8;
			sourceTree = "<group>";
		};
		CE847BBF257F95EF008266B5 /* day9 */ = {
			isa = PBXGroup;
			children = (
				CE847BC025801BE8008266B5 /* day9.swift */,
				CE847BC425801BF4008266B5 /* day9.txt */,
			);
			path = day9;
			sourceTree = "<group>";
		};
		CE9C6A6125775E3000892DC5 /* day2 */ = {
			isa = PBXGroup;
			children = (
				CE9C6A6225775EE600892DC5 /* day2.swift */,
				CE9C6A6525775EF500892DC5 /* day2.txt */,
			);
			path = day2;
			sourceTree = "<group>";
		};
		CE9C6A6A25777CE400892DC5 /* day3 */ = {
			isa = PBXGroup;
			children = (
				CE9C6A6B25777CEE00892DC5 /* day3.swift */,
				CE9C6A6F25777D0100892DC5 /* day3.txt */,
			);
			path = day3;
			sourceTree = "<group>";
		};
		CEDCC75625872B9A00FBEF87 /* day14 */ = {
			isa = PBXGroup;
			children = (
				CEDCC75725872BA700FBEF87 /* day14.swift */,
				CEDCC75B25872BB200FBEF87 /* day14.txt */,
			);
			path = day14;
			sourceTree = "<group>";
		};
		CEDCC75E25876A6D00FBEF87 /* day15 */ = {
			isa = PBXGroup;
			children = (
				CEDCC75F25876A7900FBEF87 /* day15.swift */,
				CEDCC76325877A2200FBEF87 /* day15.txt */,
			);
			path = day15;
			sourceTree = "<group>";
		};
		CEDCC7662589CF0900FBEF87 /* day16 */ = {
			isa = PBXGroup;
			children = (
				CEDCC7672589CF1700FBEF87 /* day16.swift */,
				CEDCC76B2589CF2500FBEF87 /* day16.txt */,
			);
			path = day16;
			sourceTree = "<group>";
		};
		CEFC39592580A2390038AD79 /* day10 */ = {
			isa = PBXGroup;
			children = (
				CEFC395A2580A29E0038AD79 /* day10.swift */,
				CEFC395D2580A2A80038AD79 /* day10.txt */,
			);
			path = day10;
			sourceTree = "<group>";
		};
		CEFC3962258232EF0038AD79 /* day11 */ = {
			isa = PBXGroup;
			children = (
				CEFC3963258232F90038AD79 /* day11.swift */,
				CEFC3967258233020038AD79 /* day11.txt */,
			);
			path = day11;
			sourceTree = "<group>";
		};
		CEFC396A258483D20038AD79 /* day12 */ = {
			isa = PBXGroup;
			children = (
				CEFC396B258483F10038AD79 /* day12.swift */,
				CEFC396F258483FA0038AD79 /* day12.txt */,
			);
			path = day12;
			sourceTree = "<group>";
		};
/* End PBXGroup section */

/* Begin PBXNativeTarget section */
		569A65A125760A58008BFFE8 /* advent2020 */ = {
			isa = PBXNativeTarget;
			buildConfigurationList = 569A65A925760A58008BFFE8 /* Build configuration list for PBXNativeTarget "advent2020" */;
			buildPhases = (
				569A659E25760A58008BFFE8 /* Sources */,
				569A659F25760A58008BFFE8 /* Frameworks */,
				569A65A025760A58008BFFE8 /* CopyFiles */,
			);
			buildRules = (
			);
			dependencies = (
			);
			name = advent2020;
			productName = advent2020;
			productReference = 569A65A225760A58008BFFE8 /* advent2020 */;
			productType = "com.apple.product-type.tool";
		};
/* End PBXNativeTarget section */

/* Begin PBXProject section */
		569A659A25760A58008BFFE8 /* Project object */ = {
			isa = PBXProject;
			attributes = {
				LastSwiftUpdateCheck = 1220;
				LastUpgradeCheck = 1230;
				TargetAttributes = {
					569A65A125760A58008BFFE8 = {
						CreatedOnToolsVersion = 12.4;
					};
				};
			};
			buildConfigurationList = 569A659D25760A58008BFFE8 /* Build configuration list for PBXProject "advent2020" */;
			compatibilityVersion = "Xcode 9.3";
			developmentRegion = en;
			hasScannedForEncodings = 0;
			knownRegions = (
				en,
				Base,
			);
			mainGroup = 569A659925760A58008BFFE8;
			productRefGroup = 569A65A325760A58008BFFE8 /* Products */;
			projectDirPath = "";
			projectRoot = "";
			targets = (
				569A65A125760A58008BFFE8 /* advent2020 */,
			);
		};
/* End PBXProject section */

/* Begin PBXSourcesBuildPhase section */
		569A659E25760A58008BFFE8 /* Sources */ = {
			isa = PBXSourcesBuildPhase;
			buildActionMask = 2147483647;
			files = (
				CE847B462578C7A9008266B5 /* day4.swift in Sources */,
				CE847BA8257B9561008266B5 /* day6.swift in Sources */,
				CE46F729258A2C2500AF4AD4 /* day17.swift in Sources */,
				CE292CB02585D86100905DCF /* day13.swift in Sources */,
				CE9C6A6C25777CEE00892DC5 /* day3.swift in Sources */,
				CE847BB9257E0481008266B5 /* day8.swift in Sources */,
				CE9C6A6325775EE600892DC5 /* day2.swift in Sources */,
				CEFC395B2580A29E0038AD79 /* day10.swift in Sources */,
				CEDCC76025876A7900FBEF87 /* day15.swift in Sources */,
				CE847BC125801BE8008266B5 /* day9.swift in Sources */,
				CEFC396C258483F10038AD79 /* day12.swift in Sources */,
				CEDCC75825872BA700FBEF87 /* day14.swift in Sources */,
				CEDCC7682589CF1700FBEF87 /* day16.swift in Sources */,
				569A65B025760C1F008BFFE8 /* day1.swift in Sources */,
				56CDD44625761CDB00E9C5B9 /* helper.swift in Sources */,
				569A65A625760A58008BFFE8 /* main.swift in Sources */,
				CE847BB1257CDEF8008266B5 /* day7.swift in Sources */,
				CE847B9F257A5468008266B5 /* day5.swift in Sources */,
				CEFC3964258232F90038AD79 /* day11.swift in Sources */,
			);
			runOnlyForDeploymentPostprocessing = 0;
		};
/* End PBXSourcesBuildPhase section */

/* Begin XCBuildConfiguration section */
		569A65A725760A58008BFFE8 /* Debug */ = {
			isa = XCBuildConfiguration;
			buildSettings = {
				ALWAYS_SEARCH_USER_PATHS = NO;
				CLANG_ANALYZER_NONNULL = YES;
				CLANG_ANALYZER_NUMBER_OBJECT_CONVERSION = YES_AGGRESSIVE;
				CLANG_CXX_LANGUAGE_STANDARD = "gnu++14";
				CLANG_CXX_LIBRARY = "libc++";
				CLANG_ENABLE_MODULES = YES;
				CLANG_ENABLE_OBJC_ARC = YES;
				CLANG_ENABLE_OBJC_WEAK = YES;
				CLANG_WARN_BLOCK_CAPTURE_AUTORELEASING = YES;
				CLANG_WARN_BOOL_CONVERSION = YES;
				CLANG_WARN_COMMA = YES;
				CLANG_WARN_CONSTANT_CONVERSION = YES;
				CLANG_WARN_DEPRECATED_OBJC_IMPLEMENTATIONS = YES;
				CLANG_WARN_DIRECT_OBJC_ISA_USAGE = YES_ERROR;
				CLANG_WARN_DOCUMENTATION_COMMENTS = YES;
				CLANG_WARN_EMPTY_BODY = YES;
				CLANG_WARN_ENUM_CONVERSION = YES;
				CLANG_WARN_INFINITE_RECURSION = YES;
				CLANG_WARN_INT_CONVERSION = YES;
				CLANG_WARN_NON_LITERAL_NULL_CONVERSION = YES;
				CLANG_WARN_OBJC_IMPLICIT_RETAIN_SELF = YES;
				CLANG_WARN_OBJC_LITERAL_CONVERSION = YES;
				CLANG_WARN_OBJC_ROOT_CLASS = YES_ERROR;
				CLANG_WARN_QUOTED_INCLUDE_IN_FRAMEWORK_HEADER = YES;
				CLANG_WARN_RANGE_LOOP_ANALYSIS = YES;
				CLANG_WARN_STRICT_PROTOTYPES = YES;
				CLANG_WARN_SUSPICIOUS_MOVE = YES;
				CLANG_WARN_UNGUARDED_AVAILABILITY = YES_AGGRESSIVE;
				CLANG_WARN_UNREACHABLE_CODE = YES;
				CLANG_WARN__DUPLICATE_METHOD_MATCH = YES;
				COPY_PHASE_STRIP = NO;
				DEBUG_INFORMATION_FORMAT = dwarf;
				ENABLE_STRICT_OBJC_MSGSEND = YES;
				ENABLE_TESTABILITY = YES;
				GCC_C_LANGUAGE_STANDARD = gnu11;
				GCC_DYNAMIC_NO_PIC = NO;
				GCC_NO_COMMON_BLOCKS = YES;
				GCC_OPTIMIZATION_LEVEL = 0;
				GCC_PREPROCESSOR_DEFINITIONS = (
					"DEBUG=1",
					"$(inherited)",
				);
				GCC_WARN_64_TO_32_BIT_CONVERSION = YES;
				GCC_WARN_ABOUT_RETURN_TYPE = YES_ERROR;
				GCC_WARN_UNDECLARED_SELECTOR = YES;
				GCC_WARN_UNINITIALIZED_AUTOS = YES_AGGRESSIVE;
				GCC_WARN_UNUSED_FUNCTION = YES;
				GCC_WARN_UNUSED_VARIABLE = YES;
				MTL_ENABLE_DEBUG_INFO = INCLUDE_SOURCE;
				MTL_FAST_MATH = YES;
				ONLY_ACTIVE_ARCH = YES;
				SDKROOT = macosx;
				SWIFT_ACTIVE_COMPILATION_CONDITIONS = DEBUG;
				SWIFT_OPTIMIZATION_LEVEL = "-Onone";
			};
			name = Debug;
		};
		569A65A825760A58008BFFE8 /* Release */ = {
			isa = XCBuildConfiguration;
			buildSettings = {
				ALWAYS_SEARCH_USER_PATHS = NO;
				CLANG_ANALYZER_NONNULL = YES;
				CLANG_ANALYZER_NUMBER_OBJECT_CONVERSION = YES_AGGRESSIVE;
				CLANG_CXX_LANGUAGE_STANDARD = "gnu++14";
				CLANG_CXX_LIBRARY = "libc++";
				CLANG_ENABLE_MODULES = YES;
				CLANG_ENABLE_OBJC_ARC = YES;
				CLANG_ENABLE_OBJC_WEAK = YES;
				CLANG_WARN_BLOCK_CAPTURE_AUTORELEASING = YES;
				CLANG_WARN_BOOL_CONVERSION = YES;
				CLANG_WARN_COMMA = YES;
				CLANG_WARN_CONSTANT_CONVERSION = YES;
				CLANG_WARN_DEPRECATED_OBJC_IMPLEMENTATIONS = YES;
				CLANG_WARN_DIRECT_OBJC_ISA_USAGE = YES_ERROR;
				CLANG_WARN_DOCUMENTATION_COMMENTS = YES;
				CLANG_WARN_EMPTY_BODY = YES;
				CLANG_WARN_ENUM_CONVERSION = YES;
				CLANG_WARN_INFINITE_RECURSION = YES;
				CLANG_WARN_INT_CONVERSION = YES;
				CLANG_WARN_NON_LITERAL_NULL_CONVERSION = YES;
				CLANG_WARN_OBJC_IMPLICIT_RETAIN_SELF = YES;
				CLANG_WARN_OBJC_LITERAL_CONVERSION = YES;
				CLANG_WARN_OBJC_ROOT_CLASS = YES_ERROR;
				CLANG_WARN_QUOTED_INCLUDE_IN_FRAMEWORK_HEADER = YES;
				CLANG_WARN_RANGE_LOOP_ANALYSIS = YES;
				CLANG_WARN_STRICT_PROTOTYPES = YES;
				CLANG_WARN_SUSPICIOUS_MOVE = YES;
				CLANG_WARN_UNGUARDED_AVAILABILITY = YES_AGGRESSIVE;
				CLANG_WARN_UNREACHABLE_CODE = YES;
				CLANG_WARN__DUPLICATE_METHOD_MATCH = YES;
				COPY_PHASE_STRIP = NO;
				DEBUG_INFORMATION_FORMAT = "dwarf-with-dsym";
				ENABLE_NS_ASSERTIONS = NO;
				ENABLE_STRICT_OBJC_MSGSEND = YES;
				GCC_C_LANGUAGE_STANDARD = gnu11;
				GCC_NO_COMMON_BLOCKS = YES;
				GCC_WARN_64_TO_32_BIT_CONVERSION = YES;
				GCC_WARN_ABOUT_RETURN_TYPE = YES_ERROR;
				GCC_WARN_UNDECLARED_SELECTOR = YES;
				GCC_WARN_UNINITIALIZED_AUTOS = YES_AGGRESSIVE;
				GCC_WARN_UNUSED_FUNCTION = YES;
				GCC_WARN_UNUSED_VARIABLE = YES;
				MTL_ENABLE_DEBUG_INFO = NO;
				MTL_FAST_MATH = YES;
				SDKROOT = macosx;
				SWIFT_COMPILATION_MODE = wholemodule;
				SWIFT_OPTIMIZATION_LEVEL = "-O";
			};
			name = Release;
		};
		569A65AA25760A58008BFFE8 /* Debug */ = {
			isa = XCBuildConfiguration;
			buildSettings = {
				CODE_SIGN_IDENTITY = "-";
				CODE_SIGN_STYLE = Automatic;
				MACOSX_DEPLOYMENT_TARGET = 11.0;
				PRODUCT_NAME = "$(TARGET_NAME)";
				SWIFT_VERSION = 5.0;
			};
			name = Debug;
		};
		569A65AB25760A58008BFFE8 /* Release */ = {
			isa = XCBuildConfiguration;
			buildSettings = {
				CODE_SIGN_IDENTITY = "-";
				CODE_SIGN_STYLE = Automatic;
				MACOSX_DEPLOYMENT_TARGET = 11.0;
				PRODUCT_NAME = "$(TARGET_NAME)";
				SWIFT_VERSION = 5.0;
			};
			name = Release;
		};
/* End XCBuildConfiguration section */

/* Begin XCConfigurationList section */
		569A659D25760A58008BFFE8 /* Build configuration list for PBXProject "advent2020" */ = {
			isa = XCConfigurationList;
			buildConfigurations = (
				569A65A725760A58008BFFE8 /* Debug */,
				569A65A825760A58008BFFE8 /* Release */,
			);
			defaultConfigurationIsVisible = 0;
			defaultConfigurationName = Release;
		};
		569A65A925760A58008BFFE8 /* Build configuration list for PBXNativeTarget "advent2020" */ = {
			isa = XCConfigurationList;
			buildConfigurations = (
				569A65AA25760A58008BFFE8 /* Debug */,
				569A65AB25760A58008BFFE8 /* Release */,
			);
			defaultConfigurationIsVisible = 0;
			defaultConfigurationName = Release;
		};
/* End XCConfigurationList section */
	};
	rootObject = 569A659A25760A58008BFFE8 /* Project object */;
}
